
Microsoft Visual Studio Solution File, Format Version 12.00
# Visual Studio Version 16
VisualStudioVersion = 16.0.31025.194
MinimumVisualStudioVersion = 10.0.40219.1
Project("{FAE04EC0-301F-11D3-BF4B-00C04F79EFBC}") = "Northwind.Entities", "Northwind.Entities\Northwind.Entities.csproj", "{DD9C941B-2799-4922-A139-C1E5FC9088A5}"
EndProject
Project("{FAE04EC0-301F-11D3-BF4B-00C04F79EFBC}") = "Northwind.Business", "Northwind.Business\Northwind.Business.csproj", "{B093D314-1AD5-4F80-A2E5-1B1C445D444E}"
EndProject
Project("{FAE04EC0-301F-11D3-BF4B-00C04F79EFBC}") = "Northwind.WebFormsUI", "Northwind.WebFormsUI\Northwind.WebFormsUI.csproj", "{9382AB33-354C-4E50-8DF2-C304D9B6D308}"
EndProject
Project("{FAE04EC0-301F-11D3-BF4B-00C04F79EFBC}") = "Northwind.DataAccess", "Northwind.DataAccesss\Northwind.DataAccess.csproj", "{470BA3AA-39C0-4CF5-BDF7-0C852ACDA50A}"
EndProject
Global
	GlobalSection(SolutionConfigurationPlatforms) = preSolution
		Debug|Any CPU = Debug|Any CPU
		Release|Any CPU = Release|Any CPU
	EndGlobalSection
	GlobalSection(ProjectConfigurationPlatforms) = postSolution
		{DD9C941B-2799-4922-A139-C1E5FC9088A5}.Debug|Any CPU.ActiveCfg = Debug|Any CPU
		{DD9C941B-2799-4922-A139-C1E5FC9088A5}.Debug|Any CPU.Build.0 = Debug|Any CPU
		{DD9C941B-2799-4922-A139-C1E5FC9088A5}.Release|Any CPU.ActiveCfg = Release|Any CPU
		{DD9C941B-2799-4922-A139-C1E5FC9088A5}.Release|Any CPU.Build.0 = Release|Any CPU
		{B093D314-1AD5-4F80-A2E5-1B1C445D444E}.Debug|Any CPU.ActiveCfg = Debug|Any CPU
		{B093D314-1AD5-4F80-A2E5-1B1C445D444E}.Debug|Any CPU.Build.0 = Debug|Any CPU
		{B093D314-1AD5-4F80-A2E5-1B1C445D444E}.Release|Any CPU.ActiveCfg = Release|Any CPU
		{B093D314-1AD5-4F80-A2E5-1B1C445D444E}.Release|Any CPU.Build.0 = Release|Any CPU
		{9382AB33-354C-4E50-8DF2-C304D9B6D308}.Debug|Any CPU.ActiveCfg = Debug|Any CPU
		{9382AB33-354C-4E50-8DF2-C304D9B6D308}.Debug|Any CPU.Build.0 = Debug|Any CPU
		{9382AB33-354C-4E50-8DF2-C304D9B6D308}.Release|Any CPU.ActiveCfg = Release|Any CPU
		{9382AB33-354C-4E50-8DF2-C304D9B6D308}.Release|Any CPU.Build.0 = Release|Any CPU
		{470BA3AA-39C0-4CF5-BDF7-0C852ACDA50A}.Debug|Any CPU.ActiveCfg = Debug|Any CPU
		{470BA3AA-39C0-4CF5-BDF7-0C852ACDA50A}.Debug|Any CPU.Build.0 = Debug|Any CPU
		{470BA3AA-39C0-4CF5-BDF7-0C852ACDA50A}.Release|Any CPU.ActiveCfg = Release|Any CPU
		{470BA3AA-39C0-4CF5-BDF7-0C852ACDA50A}.Release|Any CPU.Build.0 = Release|Any CPU
	EndGlobalSection
	GlobalSection(SolutionProperties) = preSolution
		HideSolutionNode = FALSE
	EndGlobalSection
	GlobalSection(ExtensibilityGlobals) = postSolution
		SolutionGuid = {B4A6CF07-2E88-4AAF-B203-35660FD590DA}
	EndGlobalSection
EndGlobal
